// !$*UTF8*$!
{
	archiveVersion = 1;
	classes = {
	};
	objectVersion = 46;
	objects = {

/* Begin PBXBuildFile section */
		6C455AB49BDE0B13CED5BF85 /* Pods_DanTang.framework in Frameworks */ = {isa = PBXBuildFile; fileRef = 215D80F30AC634470B6256EC /* Pods_DanTang.framework */; };
		D69951DB1E6D501D003A1928 /* Assets.xcassets in Resources */ = {isa = PBXBuildFile; fileRef = D69951DA1E6D501D003A1928 /* Assets.xcassets */; };
		D69951E91E6D55C5003A1928 /* AppDelegate.swift in Sources */ = {isa = PBXBuildFile; fileRef = D69951E61E6D55C5003A1928 /* AppDelegate.swift */; };
		D69952091E6D5A79003A1928 /* Info.plist in Resources */ = {isa = PBXBuildFile; fileRef = D69952081E6D5A79003A1928 /* Info.plist */; };
		D699521A1E6E6575003A1928 /* XJNavigationController.swift in Sources */ = {isa = PBXBuildFile; fileRef = D69952171E6E6575003A1928 /* XJNavigationController.swift */; };
		D699521B1E6E6575003A1928 /* XJTabBarController.swift in Sources */ = {isa = PBXBuildFile; fileRef = D69952181E6E6575003A1928 /* XJTabBarController.swift */; };
		D69952201E6E6648003A1928 /* XJConst.swift in Sources */ = {isa = PBXBuildFile; fileRef = D699521F1E6E6648003A1928 /* XJConst.swift */; };
		D69952221E6E6BDE003A1928 /* XJBaseViewController.swift in Sources */ = {isa = PBXBuildFile; fileRef = D69952211E6E6BDE003A1928 /* XJBaseViewController.swift */; };
		D69952241E6E6C20003A1928 /* XJDanTangViewController.swift in Sources */ = {isa = PBXBuildFile; fileRef = D69952231E6E6C20003A1928 /* XJDanTangViewController.swift */; };
		D69952261E6E8B43003A1928 /* XJProductViewController.swift in Sources */ = {isa = PBXBuildFile; fileRef = D69952251E6E8B43003A1928 /* XJProductViewController.swift */; };
		D69952281E6E8B7C003A1928 /* XJCategoryViewController.swift in Sources */ = {isa = PBXBuildFile; fileRef = D69952271E6E8B7C003A1928 /* XJCategoryViewController.swift */; };
		D699522A1E6E8B96003A1928 /* XJMeViewController.swift in Sources */ = {isa = PBXBuildFile; fileRef = D69952291E6E8B96003A1928 /* XJMeViewController.swift */; };
/* End PBXBuildFile section */

/* Begin PBXFileReference section */
		215D80F30AC634470B6256EC /* Pods_DanTang.framework */ = {isa = PBXFileReference; explicitFileType = wrapper.framework; includeInIndex = 0; path = Pods_DanTang.framework; sourceTree = BUILT_PRODUCTS_DIR; };
		C694654BC6CBE86F3E143538 /* Pods-DanTang.debug.xcconfig */ = {isa = PBXFileReference; includeInIndex = 1; lastKnownFileType = text.xcconfig; name = "Pods-DanTang.debug.xcconfig"; path = "Pods/Target Support Files/Pods-DanTang/Pods-DanTang.debug.xcconfig"; sourceTree = "<group>"; };
		D69951D01E6D501D003A1928 /* DanTang.app */ = {isa = PBXFileReference; explicitFileType = wrapper.application; includeInIndex = 0; path = DanTang.app; sourceTree = BUILT_PRODUCTS_DIR; };
		D69951DA1E6D501D003A1928 /* Assets.xcassets */ = {isa = PBXFileReference; lastKnownFileType = folder.assetcatalog; path = Assets.xcassets; sourceTree = "<group>"; };
		D69951E61E6D55C5003A1928 /* AppDelegate.swift */ = {isa = PBXFileReference; fileEncoding = 4; lastKnownFileType = sourcecode.swift; name = AppDelegate.swift; path = ../AppDelegate.swift; sourceTree = "<group>"; };
		D69952081E6D5A79003A1928 /* Info.plist */ = {isa = PBXFileReference; fileEncoding = 4; lastKnownFileType = text.plist.xml; path = Info.plist; sourceTree = "<group>"; };
		D69952171E6E6575003A1928 /* XJNavigationController.swift */ = {isa = PBXFileReference; fileEncoding = 4; lastKnownFileType = sourcecode.swift; path = XJNavigationController.swift; sourceTree = "<group>"; };
		D69952181E6E6575003A1928 /* XJTabBarController.swift */ = {isa = PBXFileReference; fileEncoding = 4; lastKnownFileType = sourcecode.swift; path = XJTabBarController.swift; sourceTree = "<group>"; };
		D699521F1E6E6648003A1928 /* XJConst.swift */ = {isa = PBXFileReference; fileEncoding = 4; lastKnownFileType = sourcecode.swift; path = XJConst.swift; sourceTree = "<group>"; };
		D69952211E6E6BDE003A1928 /* XJBaseViewController.swift */ = {isa = PBXFileReference; fileEncoding = 4; lastKnownFileType = sourcecode.swift; path = XJBaseViewController.swift; sourceTree = "<group>"; };
		D69952231E6E6C20003A1928 /* XJDanTangViewController.swift */ = {isa = PBXFileReference; fileEncoding = 4; lastKnownFileType = sourcecode.swift; path = XJDanTangViewController.swift; sourceTree = "<group>"; };
		D69952251E6E8B43003A1928 /* XJProductViewController.swift */ = {isa = PBXFileReference; fileEncoding = 4; lastKnownFileType = sourcecode.swift; path = XJProductViewController.swift; sourceTree = "<group>"; };
		D69952271E6E8B7C003A1928 /* XJCategoryViewController.swift */ = {isa = PBXFileReference; fileEncoding = 4; lastKnownFileType = sourcecode.swift; path = XJCategoryViewController.swift; sourceTree = "<group>"; };
		D69952291E6E8B96003A1928 /* XJMeViewController.swift */ = {isa = PBXFileReference; fileEncoding = 4; lastKnownFileType = sourcecode.swift; path = XJMeViewController.swift; sourceTree = "<group>"; };
		F6C9390A9C1B4399CFE5E0F9 /* Pods-DanTang.release.xcconfig */ = {isa = PBXFileReference; includeInIndex = 1; lastKnownFileType = text.xcconfig; name = "Pods-DanTang.release.xcconfig"; path = "Pods/Target Support Files/Pods-DanTang/Pods-DanTang.release.xcconfig"; sourceTree = "<group>"; };
/* End PBXFileReference section */

/* Begin PBXFrameworksBuildPhase section */
		D69951CD1E6D501D003A1928 /* Frameworks */ = {
			isa = PBXFrameworksBuildPhase;
			buildActionMask = 2147483647;
			files = (
				6C455AB49BDE0B13CED5BF85 /* Pods_DanTang.framework in Frameworks */,
			);
			runOnlyForDeploymentPostprocessing = 0;
		};
/* End PBXFrameworksBuildPhase section */

/* Begin PBXGroup section */
		4A181B8F8FA60BD7F2EE559B /* Frameworks */ = {
			isa = PBXGroup;
			children = (
				215D80F30AC634470B6256EC /* Pods_DanTang.framework */,
			);
			name = Frameworks;
			sourceTree = "<group>";
		};
		B92BD3AAECC6D70BAF745B17 /* Pods */ = {
			isa = PBXGroup;
			children = (
				C694654BC6CBE86F3E143538 /* Pods-DanTang.debug.xcconfig */,
				F6C9390A9C1B4399CFE5E0F9 /* Pods-DanTang.release.xcconfig */,
			);
			name = Pods;
			sourceTree = "<group>";
		};
		D69951C71E6D501D003A1928 = {
			isa = PBXGroup;
			children = (
				D69951D21E6D501D003A1928 /* DanTang */,
				D69951D11E6D501D003A1928 /* Products */,
				B92BD3AAECC6D70BAF745B17 /* Pods */,
				4A181B8F8FA60BD7F2EE559B /* Frameworks */,
			);
			sourceTree = "<group>";
		};
		D69951D11E6D501D003A1928 /* Products */ = {
			isa = PBXGroup;
			children = (
				D69951D01E6D501D003A1928 /* DanTang.app */,
			);
			name = Products;
			sourceTree = "<group>";
		};
		D69951D21E6D501D003A1928 /* DanTang */ = {
			isa = PBXGroup;
			children = (
				D69951E51E6D55C5003A1928 /* Classes */,
				D69951DA1E6D501D003A1928 /* Assets.xcassets */,
				D69952081E6D5A79003A1928 /* Info.plist */,
			);
			path = DanTang;
			sourceTree = "<group>";
		};
		D69951E51E6D55C5003A1928 /* Classes */ = {
			isa = PBXGroup;
			children = (
				D69951FA1E6D5716003A1928 /* Login&Register */,
				D69951F61E6D5716003A1928 /* DanTang */,
				D69952021E6D5716003A1928 /* Product */,
				D69951F21E6D5716003A1928 /* Classify */,
				D69951FE1E6D5716003A1928 /* Me */,
				D69951F11E6D5716003A1928 /* Base */,
				D69952061E6D588F003A1928 /* Main */,
				D69952071E6D58FA003A1928 /* Others */,
			);
			path = Classes;
			sourceTree = "<group>";
		};
		D69951F11E6D5716003A1928 /* Base */ = {
			isa = PBXGroup;
			children = (
				D69952161E6E6575003A1928 /* Controller */,
				D69952191E6E6575003A1928 /* Tools */,
			);
			path = Base;
			sourceTree = "<group>";
		};
		D69951F21E6D5716003A1928 /* Classify */ = {
			isa = PBXGroup;
			children = (
				D69951F31E6D5716003A1928 /* Controller */,
				D69951F41E6D5716003A1928 /* Model */,
				D69951F51E6D5716003A1928 /* View */,
			);
			path = Classify;
			sourceTree = "<group>";
		};
		D69951F31E6D5716003A1928 /* Controller */ = {
			isa = PBXGroup;
			children = (
				D69952271E6E8B7C003A1928 /* XJCategoryViewController.swift */,
			);
			path = Controller;
			sourceTree = "<group>";
		};
		D69951F41E6D5716003A1928 /* Model */ = {
			isa = PBXGroup;
			children = (
			);
			path = Model;
			sourceTree = "<group>";
		};
		D69951F51E6D5716003A1928 /* View */ = {
			isa = PBXGroup;
			children = (
			);
			path = View;
			sourceTree = "<group>";
		};
		D69951F61E6D5716003A1928 /* DanTang */ = {
			isa = PBXGroup;
			children = (
				D69951F71E6D5716003A1928 /* Controller */,
				D69951F81E6D5716003A1928 /* Model */,
				D69951F91E6D5716003A1928 /* View */,
			);
			path = DanTang;
			sourceTree = "<group>";
		};
		D69951F71E6D5716003A1928 /* Controller */ = {
			isa = PBXGroup;
			children = (
				D69952231E6E6C20003A1928 /* XJDanTangViewController.swift */,
			);
			path = Controller;
			sourceTree = "<group>";
		};
		D69951F81E6D5716003A1928 /* Model */ = {
			isa = PBXGroup;
			children = (
			);
			path = Model;
			sourceTree = "<group>";
		};
		D69951F91E6D5716003A1928 /* View */ = {
			isa = PBXGroup;
			children = (
			);
			path = View;
			sourceTree = "<group>";
		};
		D69951FA1E6D5716003A1928 /* Login&Register */ = {
			isa = PBXGroup;
			children = (
				D69951FB1E6D5716003A1928 /* Controller */,
				D69951FC1E6D5716003A1928 /* Model */,
				D69951FD1E6D5716003A1928 /* View */,
			);
			path = "Login&Register";
			sourceTree = "<group>";
		};
		D69951FB1E6D5716003A1928 /* Controller */ = {
			isa = PBXGroup;
			children = (
			);
			path = Controller;
			sourceTree = "<group>";
		};
		D69951FC1E6D5716003A1928 /* Model */ = {
			isa = PBXGroup;
			children = (
			);
			path = Model;
			sourceTree = "<group>";
		};
		D69951FD1E6D5716003A1928 /* View */ = {
			isa = PBXGroup;
			children = (
			);
			path = View;
			sourceTree = "<group>";
		};
		D69951FE1E6D5716003A1928 /* Me */ = {
			isa = PBXGroup;
			children = (
				D69951FF1E6D5716003A1928 /* Controller */,
				D69952001E6D5716003A1928 /* Model */,
				D69952011E6D5716003A1928 /* View */,
			);
			path = Me;
			sourceTree = "<group>";
		};
		D69951FF1E6D5716003A1928 /* Controller */ = {
			isa = PBXGroup;
			children = (
				D69952291E6E8B96003A1928 /* XJMeViewController.swift */,
			);
			path = Controller;
			sourceTree = "<group>";
		};
		D69952001E6D5716003A1928 /* Model */ = {
			isa = PBXGroup;
			children = (
			);
			path = Model;
			sourceTree = "<group>";
		};
		D69952011E6D5716003A1928 /* View */ = {
			isa = PBXGroup;
			children = (
			);
			path = View;
			sourceTree = "<group>";
		};
		D69952021E6D5716003A1928 /* Product */ = {
			isa = PBXGroup;
			children = (
				D69952031E6D5716003A1928 /* Controller */,
				D69952041E6D5716003A1928 /* Model */,
				D69952051E6D5716003A1928 /* View */,
			);
			path = Product;
			sourceTree = "<group>";
		};
		D69952031E6D5716003A1928 /* Controller */ = {
			isa = PBXGroup;
			children = (
				D69952251E6E8B43003A1928 /* XJProductViewController.swift */,
			);
			path = Controller;
			sourceTree = "<group>";
		};
		D69952041E6D5716003A1928 /* Model */ = {
			isa = PBXGroup;
			children = (
			);
			path = Model;
			sourceTree = "<group>";
		};
		D69952051E6D5716003A1928 /* View */ = {
			isa = PBXGroup;
			children = (
			);
			path = View;
			sourceTree = "<group>";
		};
		D69952061E6D588F003A1928 /* Main */ = {
			isa = PBXGroup;
			children = (
				D69951E61E6D55C5003A1928 /* AppDelegate.swift */,
			);
			path = Main;
			sourceTree = "<group>";
		};
		D69952071E6D58FA003A1928 /* Others */ = {
			isa = PBXGroup;
			children = (
			);
			path = Others;
			sourceTree = "<group>";
		};
		D69952161E6E6575003A1928 /* Controller */ = {
			isa = PBXGroup;
			children = (
				D69952211E6E6BDE003A1928 /* XJBaseViewController.swift */,
				D69952171E6E6575003A1928 /* XJNavigationController.swift */,
				D69952181E6E6575003A1928 /* XJTabBarController.swift */,
			);
			path = Controller;
			sourceTree = "<group>";
		};
		D69952191E6E6575003A1928 /* Tools */ = {
			isa = PBXGroup;
			children = (
				D699521F1E6E6648003A1928 /* XJConst.swift */,
			);
			path = Tools;
			sourceTree = "<group>";
		};
/* End PBXGroup section */

/* Begin PBXNativeTarget section */
		D69951CF1E6D501D003A1928 /* DanTang */ = {
			isa = PBXNativeTarget;
			buildConfigurationList = D69951E21E6D501D003A1928 /* Build configuration list for PBXNativeTarget "DanTang" */;
			buildPhases = (
				2C437DFDE9F8B6D854D16CD3 /* [CP] Check Pods Manifest.lock */,
				D69951CC1E6D501D003A1928 /* Sources */,
				D69951CD1E6D501D003A1928 /* Frameworks */,
				D69951CE1E6D501D003A1928 /* Resources */,
				42580A3181717F2041103A70 /* [CP] Embed Pods Frameworks */,
				07485F472C095268FD667A0D /* [CP] Copy Pods Resources */,
			);
			buildRules = (
			);
			dependencies = (
			);
			name = DanTang;
			productName = DanTang;
			productReference = D69951D01E6D501D003A1928 /* DanTang.app */;
			productType = "com.apple.product-type.application";
		};
/* End PBXNativeTarget section */

/* Begin PBXProject section */
		D69951C81E6D501D003A1928 /* Project object */ = {
			isa = PBXProject;
			attributes = {
				CLASSPREFIX = XJ;
				LastSwiftUpdateCheck = 0820;
				LastUpgradeCheck = 0820;
				ORGANIZATIONNAME = QinXJ;
				TargetAttributes = {
					D69951CF1E6D501D003A1928 = {
						CreatedOnToolsVersion = 8.2.1;
						ProvisioningStyle = Automatic;
					};
				};
			};
			buildConfigurationList = D69951CB1E6D501D003A1928 /* Build configuration list for PBXProject "DanTang" */;
			compatibilityVersion = "Xcode 3.2";
			developmentRegion = English;
			hasScannedForEncodings = 0;
			knownRegions = (
				en,
				Base,
			);
			mainGroup = D69951C71E6D501D003A1928;
			productRefGroup = D69951D11E6D501D003A1928 /* Products */;
			projectDirPath = "";
			projectRoot = "";
			targets = (
				D69951CF1E6D501D003A1928 /* DanTang */,
			);
		};
/* End PBXProject section */

/* Begin PBXResourcesBuildPhase section */
		D69951CE1E6D501D003A1928 /* Resources */ = {
			isa = PBXResourcesBuildPhase;
			buildActionMask = 2147483647;
			files = (
				D69952091E6D5A79003A1928 /* Info.plist in Resources */,
				D69951DB1E6D501D003A1928 /* Assets.xcassets in Resources */,
			);
			runOnlyForDeploymentPostprocessing = 0;
		};
/* End PBXResourcesBuildPhase section */

/* Begin PBXShellScriptBuildPhase section */
		07485F472C095268FD667A0D /* [CP] Copy Pods Resources */ = {
			isa = PBXShellScriptBuildPhase;
			buildActionMask = 2147483647;
			files = (
			);
			inputPaths = (
			);
			name = "[CP] Copy Pods Resources";
			outputPaths = (
			);
			runOnlyForDeploymentPostprocessing = 0;
			shellPath = /bin/sh;
			shellScript = "\"${SRCROOT}/Pods/Target Support Files/Pods-DanTang/Pods-DanTang-resources.sh\"\n";
			showEnvVarsInLog = 0;
		};
		2C437DFDE9F8B6D854D16CD3 /* [CP] Check Pods Manifest.lock */ = {
			isa = PBXShellScriptBuildPhase;
			buildActionMask = 2147483647;
			files = (
			);
			inputPaths = (
			);
			name = "[CP] Check Pods Manifest.lock";
			outputPaths = (
			);
			runOnlyForDeploymentPostprocessing = 0;
			shellPath = /bin/sh;
			shellScript = "diff \"${PODS_ROOT}/../Podfile.lock\" \"${PODS_ROOT}/Manifest.lock\" > /dev/null\nif [ $? != 0 ] ; then\n    # print error to STDERR\n    echo \"error: The sandbox is not in sync with the Podfile.lock. Run 'pod install' or update your CocoaPods installation.\" >&2\n    exit 1\nfi\n";
			showEnvVarsInLog = 0;
		};
		42580A3181717F2041103A70 /* [CP] Embed Pods Frameworks */ = {
			isa = PBXShellScriptBuildPhase;
			buildActionMask = 2147483647;
			files = (
			);
			inputPaths = (
			);
			name = "[CP] Embed Pods Frameworks";
			outputPaths = (
			);
			runOnlyForDeploymentPostprocessing = 0;
			shellPath = /bin/sh;
			shellScript = "\"${SRCROOT}/Pods/Target Support Files/Pods-DanTang/Pods-DanTang-frameworks.sh\"\n";
			showEnvVarsInLog = 0;
		};
/* End PBXShellScriptBuildPhase section */

/* Begin PBXSourcesBuildPhase section */
		D69951CC1E6D501D003A1928 /* Sources */ = {
			isa = PBXSourcesBuildPhase;
			buildActionMask = 2147483647;
			files = (
				D69952281E6E8B7C003A1928 /* XJCategoryViewController.swift in Sources */,
				D69952241E6E6C20003A1928 /* XJDanTangViewController.swift in Sources */,
				D699522A1E6E8B96003A1928 /* XJMeViewController.swift in Sources */,
				D699521B1E6E6575003A1928 /* XJTabBarController.swift in Sources */,
				D69952201E6E6648003A1928 /* XJConst.swift in Sources */,
				D69952221E6E6BDE003A1928 /* XJBaseViewController.swift in Sources */,
				D69951E91E6D55C5003A1928 /* AppDelegate.swift in Sources */,
				D69952261E6E8B43003A1928 /* XJProductViewController.swift in Sources */,
				D699521A1E6E6575003A1928 /* XJNavigationController.swift in Sources */,
			);
			runOnlyForDeploymentPostprocessing = 0;
		};
/* End PBXSourcesBuildPhase section */

/* Begin XCBuildConfiguration section */
		D69951E01E6D501D003A1928 /* Debug */ = {
			isa = XCBuildConfiguration;
			buildSettings = {
				ALWAYS_SEARCH_USER_PATHS = NO;
				CLANG_ANALYZER_NONNULL = YES;
				CLANG_CXX_LANGUAGE_STANDARD = "gnu++0x";
				CLANG_CXX_LIBRARY = "libc++";
				CLANG_ENABLE_MODULES = YES;
				CLANG_ENABLE_OBJC_ARC = YES;
				CLANG_WARN_BOOL_CONVERSION = YES;
				CLANG_WARN_CONSTANT_CONVERSION = YES;
				CLANG_WARN_DIRECT_OBJC_ISA_USAGE = YES_ERROR;
				CLANG_WARN_DOCUMENTATION_COMMENTS = YES;
				CLANG_WARN_EMPTY_BODY = YES;
				CLANG_WARN_ENUM_CONVERSION = YES;
				CLANG_WARN_INFINITE_RECURSION = YES;
				CLANG_WARN_INT_CONVERSION = YES;
				CLANG_WARN_OBJC_ROOT_CLASS = YES_ERROR;
				CLANG_WARN_SUSPICIOUS_MOVE = YES;
				CLANG_WARN_UNREACHABLE_CODE = YES;
				CLANG_WARN__DUPLICATE_METHOD_MATCH = YES;
				"CODE_SIGN_IDENTITY[sdk=iphoneos*]" = "iPhone Developer";
				COPY_PHASE_STRIP = NO;
				DEBUG_INFORMATION_FORMAT = dwarf;
				ENABLE_STRICT_OBJC_MSGSEND = YES;
				ENABLE_TESTABILITY = YES;
				GCC_C_LANGUAGE_STANDARD = gnu99;
				GCC_DYNAMIC_NO_PIC = NO;
				GCC_NO_COMMON_BLOCKS = YES;
				GCC_OPTIMIZATION_LEVEL = 0;
				GCC_PREPROCESSOR_DEFINITIONS = (
					"DEBUG=1",
					"$(inherited)",
				);
				GCC_WARN_64_TO_32_BIT_CONVERSION = YES;
				GCC_WARN_ABOUT_RETURN_TYPE = YES_ERROR;
				GCC_WARN_UNDECLARED_SELECTOR = YES;
				GCC_WARN_UNINITIALIZED_AUTOS = YES_AGGRESSIVE;
				GCC_WARN_UNUSED_FUNCTION = YES;
				GCC_WARN_UNUSED_VARIABLE = YES;
				IPHONEOS_DEPLOYMENT_TARGET = 8.0;
				MTL_ENABLE_DEBUG_INFO = YES;
				ONLY_ACTIVE_ARCH = YES;
				SDKROOT = iphoneos;
				SWIFT_ACTIVE_COMPILATION_CONDITIONS = DEBUG;
				SWIFT_OPTIMIZATION_LEVEL = "-Onone";
			};
			name = Debug;
		};
		D69951E11E6D501D003A1928 /* Release */ = {
			isa = XCBuildConfiguration;
			buildSettings = {
				ALWAYS_SEARCH_USER_PATHS = NO;
				CLANG_ANALYZER_NONNULL = YES;
				CLANG_CXX_LANGUAGE_STANDARD = "gnu++0x";
				CLANG_CXX_LIBRARY = "libc++";
				CLANG_ENABLE_MODULES = YES;
				CLANG_ENABLE_OBJC_ARC = YES;
				CLANG_WARN_BOOL_CONVERSION = YES;
				CLANG_WARN_CONSTANT_CONVERSION = YES;
				CLANG_WARN_DIRECT_OBJC_ISA_USAGE = YES_ERROR;
				CLANG_WARN_DOCUMENTATION_COMMENTS = YES;
				CLANG_WARN_EMPTY_BODY = YES;
				CLANG_WARN_ENUM_CONVERSION = YES;
				CLANG_WARN_INFINITE_RECURSION = YES;
				CLANG_WARN_INT_CONVERSION = YES;
				CLANG_WARN_OBJC_ROOT_CLASS = YES_ERROR;
				CLANG_WARN_SUSPICIOUS_MOVE = YES;
				CLANG_WARN_UNREACHABLE_CODE = YES;
				CLANG_WARN__DUPLICATE_METHOD_MATCH = YES;
				"CODE_SIGN_IDENTITY[sdk=iphoneos*]" = "iPhone Developer";
				COPY_PHASE_STRIP = NO;
				DEBUG_INFORMATION_FORMAT = "dwarf-with-dsym";
				ENABLE_NS_ASSERTIONS = NO;
				ENABLE_STRICT_OBJC_MSGSEND = YES;
				GCC_C_LANGUAGE_STANDARD = gnu99;
				GCC_NO_COMMON_BLOCKS = YES;
				GCC_WARN_64_TO_32_BIT_CONVERSION = YES;
				GCC_WARN_ABOUT_RETURN_TYPE = YES_ERROR;
				GCC_WARN_UNDECLARED_SELECTOR = YES;
				GCC_WARN_UNINITIALIZED_AUTOS = YES_AGGRESSIVE;
				GCC_WARN_UNUSED_FUNCTION = YES;
				GCC_WARN_UNUSED_VARIABLE = YES;
				IPHONEOS_DEPLOYMENT_TARGET = 8.0;
				MTL_ENABLE_DEBUG_INFO = NO;
				SDKROOT = iphoneos;
				SWIFT_OPTIMIZATION_LEVEL = "-Owholemodule";
				VALIDATE_PRODUCT = YES;
			};
			name = Release;
		};
		D69951E31E6D501D003A1928 /* Debug */ = {
			isa = XCBuildConfiguration;
			baseConfigurationReference = C694654BC6CBE86F3E143538 /* Pods-DanTang.debug.xcconfig */;
			buildSettings = {
				ASSETCATALOG_COMPILER_APPICON_NAME = AppIcon;
				INFOPLIST_FILE = DanTang/Info.plist;
				LD_RUNPATH_SEARCH_PATHS = "$(inherited) @executable_path/Frameworks";
				PRODUCT_BUNDLE_IDENTIFIER = com.DanTang;
				PRODUCT_NAME = "$(TARGET_NAME)";
				SWIFT_VERSION = 3.0;
			};
			name = Debug;
		};
		D69951E41E6D501D003A1928 /* Release */ = {
			isa = XCBuildConfiguration;
			baseConfigurationReference = F6C9390A9C1B4399CFE5E0F9 /* Pods-DanTang.release.xcconfig */;
			buildSettings = {
				ASSETCATALOG_COMPILER_APPICON_NAME = AppIcon;
				INFOPLIST_FILE = DanTang/Info.plist;
				LD_RUNPATH_SEARCH_PATHS = "$(inherited) @executable_path/Frameworks";
				PRODUCT_BUNDLE_IDENTIFIER = com.DanTang;
				PRODUCT_NAME = "$(TARGET_NAME)";
				SWIFT_VERSION = 3.0;
			};
			name = Release;
		};
/* End XCBuildConfiguration section */

/* Begin XCConfigurationList section */
		D69951CB1E6D501D003A1928 /* Build configuration list for PBXProject "DanTang" */ = {
			isa = XCConfigurationList;
			buildConfigurations = (
				D69951E01E6D501D003A1928 /* Debug */,
				D69951E11E6D501D003A1928 /* Release */,
			);
			defaultConfigurationIsVisible = 0;
			defaultConfigurationName = Release;
		};
		D69951E21E6D501D003A1928 /* Build configuration list for PBXNativeTarget "DanTang" */ = {
			isa = XCConfigurationList;
			buildConfigurations = (
				D69951E31E6D501D003A1928 /* Debug */,
				D69951E41E6D501D003A1928 /* Release */,
			);
			defaultConfigurationIsVisible = 0;
			defaultConfigurationName = Release;
		};
/* End XCConfigurationList section */
	};
	rootObject = D69951C81E6D501D003A1928 /* Project object */;
}
